dependencies:
  graceful-fs: 4.2.3
devDependencies:
  tape: 5.0.0
lockfileVersion: 5.1
packages:
  /array-filter/1.0.0:
    dev: true
    resolution:
      integrity: sha1-uveeYubvTCpMC4MSMtr/7CUfnYM=
  /available-typed-arrays/1.0.2:
    dependencies:
      array-filter: 1.0.0
    dev: true
    engines:
      node: '>= 0.4'
    resolution:
      integrity: sha512-XWX3OX8Onv97LMk/ftVyBibpGwY5a8SmuxZPzeOxqmuEqUCOM9ZE+uIaD1VNJ5QnvU2UQusvmKbuM1FR8QWGfQ==
  /balanced-match/1.0.0:
    dev: true
    resolution:
      integrity: sha1-ibTRmasr7kneFk6gK4nORi1xt2c=
  /brace-expansion/1.1.11:
    dependencies:
      balanced-match: 1.0.0
      concat-map: 0.0.1
    dev: true
    resolution:
      integrity: sha512-iCuPHDFgrHX7H2vEI/5xpz07zSHB00TpugqhmYtVmMO6518mCuRMoOYFldEBl0g187ufozdaHgWKcYFb61qGiA==
  /concat-map/0.0.1:
    dev: true
    resolution:
      integrity: sha1-2Klr13/Wjfd5OnMDajug1UBdR3s=
  /deep-equal/2.0.3:
    dependencies:
      es-abstract: 1.17.5
      es-get-iterator: 1.1.0
      is-arguments: 1.0.4
      is-date-object: 1.0.2
      is-regex: 1.0.5
      isarray: 2.0.5
      object-is: 1.1.2
      object-keys: 1.1.1
      object.assign: 4.1.0
      regexp.prototype.flags: 1.3.0
      side-channel: 1.0.2
      which-boxed-primitive: 1.0.1
      which-collection: 1.0.1
      which-typed-array: 1.1.2
    dev: true
    resolution:
      integrity: sha512-Spqdl4H+ky45I9ByyJtXteOm9CaIrPmnIPmOhrkKGNYWeDgCvJ8jNYVCTjChxW4FqGuZnLHADc8EKRMX6+CgvA==
  /define-properties/1.1.3:
    dependencies:
      object-keys: 1.1.1
    dev: true
    engines:
      node: '>= 0.4'
    resolution:
      integrity: sha512-3MqfYKj2lLzdMSf8ZIZE/V+Zuy+BgD6f164e8K2w7dgnpKArBDerGYpM46IYYcjnkdPNMjPk9A6VFB8+3SKlXQ==
  /defined/1.0.0:
    dev: true
    resolution:
      integrity: sha1-yY2bzvdWdBiOEQlpFRGZ45sfppM=
  /dotignore/0.1.2:
    dependencies:
      minimatch: 3.0.4
    dev: true
    hasBin: true
    resolution:
      integrity: sha512-UGGGWfSauusaVJC+8fgV+NVvBXkCTmVv7sk6nojDZZvuOUNGUy0Zk4UpHQD6EDjS0jpBwcACvH4eofvyzBcRDw==
  /es-abstract/1.17.5:
    dependencies:
      es-to-primitive: 1.2.1
      function-bind: 1.1.1
      has: 1.0.3
      has-symbols: 1.0.1
      is-callable: 1.1.5
      is-regex: 1.0.5
      object-inspect: 1.7.0
      object-keys: 1.1.1
      object.assign: 4.1.0
      string.prototype.trimleft: 2.1.2
      string.prototype.trimright: 2.1.2
    dev: true
    engines:
      node: '>= 0.4'
    resolution:
      integrity: sha512-BR9auzDbySxOcfog0tLECW8l28eRGpDpU3Dm3Hp4q/N+VtLTmyj4EUN088XZWQDW/hzj6sYRDXeOFsaAODKvpg==
  /es-get-iterator/1.1.0:
    dependencies:
      es-abstract: 1.17.5
      has-symbols: 1.0.1
      is-arguments: 1.0.4
      is-map: 2.0.1
      is-set: 2.0.1
      is-string: 1.0.5
      isarray: 2.0.5
    dev: true
    resolution:
      integrity: sha512-UfrmHuWQlNMTs35e1ypnvikg6jCz3SK8v8ImvmDsh36fCVUR1MqoFDiyn0/k52C8NqO3YsO8Oe0azeesNuqSsQ==
  /es-to-primitive/1.2.1:
    dependencies:
      is-callable: 1.1.5
      is-date-object: 1.0.2
      is-symbol: 1.0.3
    dev: true
    engines:
      node: '>= 0.4'
    resolution:
      integrity: sha512-QCOllgZJtaUo9miYBcLChTUaHNjJF3PYs1VidD7AwiEj1kYxKeQTctLAezAOH5ZKRH0g2IgPn6KwB4IT8iRpvA==
  /for-each/0.3.3:
    dependencies:
      is-callable: 1.1.5
    dev: true
    resolution:
      integrity: sha512-jqYfLp7mo9vIyQf8ykW2v7A+2N4QjeCeI5+Dz9XraiO1ign81wjiH7Fb9vSOWvQfNtmSa4H2RoQTrrXivdUZmw==
  /foreach/2.0.5:
    dev: true
    resolution:
      integrity: sha1-C+4AUBiusmDQo6865ljdATbsG5k=
  /fs.realpath/1.0.0:
    dev: true
    resolution:
      integrity: sha1-FQStJSMVjKpA20onh8sBQRmU6k8=
  /function-bind/1.1.1:
    dev: true
    resolution:
      integrity: sha512-yIovAzMX49sF8Yl58fSCWJ5svSLuaibPxXQJFLmBObTuCr0Mf1KiPopGM9NiFjiYBCbfaa2Fh6breQ6ANVTI0A==
  /glob/7.1.6:
    dependencies:
      fs.realpath: 1.0.0
      inflight: 1.0.6
      inherits: 2.0.4
      minimatch: 3.0.4
      once: 1.4.0
      path-is-absolute: 1.0.1
    dev: true
    resolution:
      integrity: sha512-LwaxwyZ72Lk7vZINtNNrywX0ZuLyStrdDtabefZKAY5ZGJhVtgdznluResxNmPitE0SAO+O26sWTHeKSI2wMBA==
  /graceful-fs/4.2.3:
    dev: false
    resolution:
      integrity: sha512-a30VEBm4PEdx1dRB7MFK7BejejvCvBronbLjht+sHuGYj8PHs7M/5Z+rt5lw551vZ7yfTCj4Vuyy3mSJytDWRQ==
  /has-symbols/1.0.1:
    dev: true
    engines:
      node: '>= 0.4'
    resolution:
      integrity: sha512-PLcsoqu++dmEIZB+6totNFKq/7Do+Z0u4oT0zKOJNl3lYK6vGwwu2hjHs+68OEZbTjiUE9bgOABXbP/GvrS0Kg==
  /has/1.0.3:
    dependencies:
      function-bind: 1.1.1
    dev: true
    engines:
      node: '>= 0.4.0'
    resolution:
      integrity: sha512-f2dvO0VU6Oej7RkWJGrehjbzMAjFp5/VKPp5tTpWIV4JHHZK1/BxbFRtf/siA2SWTe09caDmVtYYzWEIbBS4zw==
  /inflight/1.0.6:
    dependencies:
      once: 1.4.0
      wrappy: 1.0.2
    dev: true
    resolution:
      integrity: sha1-Sb1jMdfQLQwJvJEKEHW6gWW1bfk=
  /inherits/2.0.4:
    dev: true
    resolution:
      integrity: sha512-k/vGaX4/Yla3WzyMCvTQOXYeIHvqOKtnqBduzTHpzpQZzAskKMhZ2K+EnBiSM9zGSoIFeMpXKxa4dYeZIQqewQ==
  /is-arguments/1.0.4:
    dev: true
    engines:
      node: '>= 0.4'
    resolution:
      integrity: sha512-xPh0Rmt8NE65sNzvyUmWgI1tz3mKq74lGA0mL8LYZcoIzKOzDh6HmrYm3d18k60nHerC8A9Km8kYu87zfSFnLA==
  /is-bigint/1.0.0:
    dev: true
    resolution:
      integrity: sha512-t5mGUXC/xRheCK431ylNiSkGGpBp8bHENBcENTkDT6ppwPzEVxNGZRvgvmOEfbWkFhA7D2GEuE2mmQTr78sl2g==
  /is-boolean-object/1.0.1:
    dev: true
    engines:
      node: '>= 0.4'
    resolution:
      integrity: sha512-TqZuVwa/sppcrhUCAYkGBk7w0yxfQQnxq28fjkO53tnK9FQXmdwz2JS5+GjsWQ6RByES1K40nI+yDic5c9/aAQ==
  /is-callable/1.1.5:
    dev: true
    engines:
      node: '>= 0.4'
    resolution:
      integrity: sha512-ESKv5sMCJB2jnHTWZ3O5itG+O128Hsus4K4Qh1h2/cgn2vbgnLSVqfV46AeJA9D5EeeLa9w81KUXMtn34zhX+Q==
  /is-date-object/1.0.2:
    dev: true
    engines:
      node: '>= 0.4'
    resolution:
      integrity: sha512-USlDT524woQ08aoZFzh3/Z6ch9Y/EWXEHQ/AaRN0SkKq4t2Jw2R2339tSXmwuVoY7LLlBCbOIlx2myP/L5zk0g==
  /is-map/2.0.1:
    dev: true
    resolution:
      integrity: sha512-T/S49scO8plUiAOA2DBTBG3JHpn1yiw0kRp6dgiZ0v2/6twi5eiB0rHtHFH9ZIrvlWc6+4O+m4zg5+Z833aXgw==
  /is-number-object/1.0.4:
    dev: true
    engines:
      node: '>= 0.4'
    resolution:
      integrity: sha512-zohwelOAur+5uXtk8O3GPQ1eAcu4ZX3UwxQhUlfFFMNpUd83gXgjbhJh6HmB6LUNV/ieOLQuDwJO3dWJosUeMw==
  /is-regex/1.0.5:
    dependencies:
      has: 1.0.3
    dev: true
    engines:
      node: '>= 0.4'
    resolution:
      integrity: sha512-vlKW17SNq44owv5AQR3Cq0bQPEb8+kF3UKZ2fiZNOWtztYE5i0CzCZxFDwO58qAOWtxdBRVO/V5Qin1wjCqFYQ==
  /is-set/2.0.1:
    dev: true
    resolution:
      integrity: sha512-eJEzOtVyenDs1TMzSQ3kU3K+E0GUS9sno+F0OBT97xsgcJsF9nXMBtkT9/kut5JEpM7oL7X/0qxR17K3mcwIAA==
  /is-string/1.0.5:
    dev: true
    engines:
      node: '>= 0.4'
    resolution:
      integrity: sha512-buY6VNRjhQMiF1qWDouloZlQbRhDPCebwxSjxMjxgemYT46YMd2NR0/H+fBhEfWX4A/w9TBJ+ol+okqJKFE6vQ==
  /is-symbol/1.0.3:
    dependencies:
      has-symbols: 1.0.1
    dev: true
    engines:
      node: '>= 0.4'
    resolution:
      integrity: sha512-OwijhaRSgqvhm/0ZdAcXNZt9lYdKFpcRDT5ULUuYXPoT794UNOdU+gpT6Rzo7b4V2HUl/op6GqY894AZwv9faQ==
  /is-typed-array/1.1.3:
    dependencies:
      available-typed-arrays: 1.0.2
      es-abstract: 1.17.5
      foreach: 2.0.5
      has-symbols: 1.0.1
    dev: true
    engines:
      node: '>= 0.4'
    resolution:
      integrity: sha512-BSYUBOK/HJibQ30wWkWold5txYwMUXQct9YHAQJr8fSwvZoiglcqB0pd7vEN23+Tsi9IUEjztdOSzl4qLVYGTQ==
  /is-weakmap/2.0.1:
    dev: true
    resolution:
      integrity: sha512-NSBR4kH5oVj1Uwvv970ruUkCV7O1mzgVFO4/rev2cLRda9Tm9HrL70ZPut4rOHgY0FNrUu9BCbXA2sdQ+x0chA==
  /is-weakset/2.0.1:
    dev: true
    resolution:
      integrity: sha512-pi4vhbhVHGLxohUw7PhGsueT4vRGFoXhP7+RGN0jKIv9+8PWYCQTqtADngrxOm2g46hoH0+g8uZZBzMrvVGDmw==
  /isarray/2.0.5:
    dev: true
    resolution:
      integrity: sha512-xHjhDr3cNBK0BzdUJSPXZntQUx/mwMS5Rw4A7lPJ90XGAO6ISP/ePDNuo0vhqOZU+UD5JoodwCAAoZQd3FeAKw==
  /minimatch/3.0.4:
    dependencies:
      brace-expansion: 1.1.11
    dev: true
    resolution:
      integrity: sha512-yJHVQEhyqPLUTgt9B83PXu6W3rx4MvvHvSUvToogpwoGDOUQ+yDrR0HRot+yOCdCO7u4hX3pWft6kWBBcqh0UA==
  /minimist/1.2.5:
    dev: true
    resolution:
      integrity: sha512-FM9nNUYrRBAELZQT3xeZQ7fmMOBg6nWNmJKTcgsJeaLstP/UODVpGsr5OhXhhXg6f+qtJ8uiZ+PUxkDWcgIXLw==
  /object-inspect/1.7.0:
    dev: true
    resolution:
      integrity: sha512-a7pEHdh1xKIAgTySUGgLMx/xwDZskN1Ud6egYYN3EdRW4ZMPNEDUTF+hwy2LUC+Bl+SyLXANnwz/jyh/qutKUw==
  /object-is/1.1.2:
    dependencies:
      define-properties: 1.1.3
      es-abstract: 1.17.5
    dev: true
    engines:
      node: '>= 0.4'
    resolution:
      integrity: sha512-5lHCz+0uufF6wZ7CRFWJN3hp8Jqblpgve06U5CMQ3f//6iDjPr2PEo9MWCjEssDsa+UZEL4PkFpr+BMop6aKzQ==
  /object-keys/1.1.1:
    dev: true
    engines:
      node: '>= 0.4'
    resolution:
      integrity: sha512-NuAESUOUMrlIXOfHKzD6bpPu3tYt3xvjNdRIQ+FeT0lNb4K8WR70CaDxhuNguS2XG+GjkyMwOzsN5ZktImfhLA==
  /object.assign/4.1.0:
    dependencies:
      define-properties: 1.1.3
      function-bind: 1.1.1
      has-symbols: 1.0.1
      object-keys: 1.1.1
    dev: true
    engines:
      node: '>= 0.4'
    resolution:
      integrity: sha512-exHJeq6kBKj58mqGyTQ9DFvrZC/eR6OwxzoM9YRoGBqrXYonaFyGiFMuc9VZrXf7DarreEwMpurG3dd+CNyW5w==
  /once/1.4.0:
    dependencies:
      wrappy: 1.0.2
    dev: true
    resolution:
      integrity: sha1-WDsap3WWHUsROsF9nFC6753Xa9E=
  /path-is-absolute/1.0.1:
    dev: true
    engines:
      node: '>=0.10.0'
    resolution:
      integrity: sha1-F0uSaHNVNP+8es5r9TpanhtcX18=
  /path-parse/1.0.6:
    dev: true
    resolution:
      integrity: sha512-GSmOT2EbHrINBf9SR7CDELwlJ8AENk3Qn7OikK4nFYAu3Ote2+JYNVvkpAEQm3/TLNEJFD/xZJjzyxg3KBWOzw==
  /regexp.prototype.flags/1.3.0:
    dependencies:
      define-properties: 1.1.3
      es-abstract: 1.17.5
    dev: true
    engines:
      node: '>= 0.4'
    resolution:
      integrity: sha512-2+Q0C5g951OlYlJz6yu5/M33IcsESLlLfsyIaLJaG4FA2r4yP8MvVMJUUP/fVBkSpbbbZlS5gynbEWLipiiXiQ==
  /resolve/1.17.0:
    dependencies:
      path-parse: 1.0.6
    dev: true
    resolution:
      integrity: sha512-ic+7JYiV8Vi2yzQGFWOkiZD5Z9z7O2Zhm9XMaTxdJExKasieFCr+yXZ/WmXsckHiKl12ar0y6XiXDx3m4RHn1w==
  /resumer/0.0.0:
    dependencies:
      through: 2.3.8
    dev: true
    resolution:
      integrity: sha1-8ej0YeQGS6Oegq883CqMiT0HZ1k=
  /side-channel/1.0.2:
    dependencies:
      es-abstract: 1.17.5
      object-inspect: 1.7.0
    dev: true
    resolution:
      integrity: sha512-7rL9YlPHg7Ancea1S96Pa8/QWb4BtXL/TZvS6B8XFetGBeuhAsfmUspK6DokBeZ64+Kj9TCNRD/30pVz1BvQNA==
  /string.prototype.trim/1.2.1:
    dependencies:
      define-properties: 1.1.3
      es-abstract: 1.17.5
      function-bind: 1.1.1
    dev: true
    engines:
      node: '>= 0.4'
    resolution:
      integrity: sha512-MjGFEeqixw47dAMFMtgUro/I0+wNqZB5GKXGt1fFr24u3TzDXCPu7J9Buppzoe3r/LqkSDLDDJzE15RGWDGAVw==
  /string.prototype.trimend/1.0.1:
    dependencies:
      define-properties: 1.1.3
      es-abstract: 1.17.5
    dev: true
    resolution:
      integrity: sha512-LRPxFUaTtpqYsTeNKaFOw3R4bxIzWOnbQ837QfBylo8jIxtcbK/A/sMV7Q+OAV/vWo+7s25pOE10KYSjaSO06g==
  /string.prototype.trimleft/2.1.2:
    dependencies:
      define-properties: 1.1.3
      es-abstract: 1.17.5
      string.prototype.trimstart: 1.0.1
    dev: true
    engines:
      node: '>= 0.4'
    resolution:
      integrity: sha512-gCA0tza1JBvqr3bfAIFJGqfdRTyPae82+KTnm3coDXkZN9wnuW3HjGgN386D7hfv5CHQYCI022/rJPVlqXyHSw==
  /string.prototype.trimright/2.1.2:
    dependencies:
      define-properties: 1.1.3
      es-abstract: 1.17.5
      string.prototype.trimend: 1.0.1
    dev: true
    engines:
      node: '>= 0.4'
    resolution:
      integrity: sha512-ZNRQ7sY3KroTaYjRS6EbNiiHrOkjihL9aQE/8gfQ4DtAC/aEBRHFJa44OmoWxGGqXuJlfKkZW4WcXErGr+9ZFg==
  /string.prototype.trimstart/1.0.1:
    dependencies:
      define-properties: 1.1.3
      es-abstract: 1.17.5
    dev: true
    resolution:
      integrity: sha512-XxZn+QpvrBI1FOcg6dIpxUPgWCPuNXvMD72aaRaUQv1eD4e/Qy8i/hFTe0BUmD60p/QA6bh1avmuPTfNjqVWRw==
  /tape/5.0.0:
    dependencies:
      deep-equal: 2.0.3
      defined: 1.0.0
      dotignore: 0.1.2
      for-each: 0.3.3
      function-bind: 1.1.1
      glob: 7.1.6
      has: 1.0.3
      inherits: 2.0.4
      is-regex: 1.0.5
      minimist: 1.2.5
      object-inspect: 1.7.0
      object-is: 1.1.2
      object.assign: 4.1.0
      resolve: 1.17.0
      resumer: 0.0.0
      string.prototype.trim: 1.2.1
      through: 2.3.8
    dev: true
    hasBin: true
    resolution:
      integrity: sha512-+fi4WiHuvxpKL6GpcvnG5PXfzopgw9h1JM9CJdpEPAbyU3r3VjRgt059fD6Up2/u6BQXmmxKmUMm6mXQP+HS3w==
  /through/2.3.8:
    dev: true
    resolution:
      integrity: sha1-DdTJ/6q8NXlgsbckEV1+Doai4fU=
  /which-boxed-primitive/1.0.1:
    dependencies:
      is-bigint: 1.0.0
      is-boolean-object: 1.0.1
      is-number-object: 1.0.4
      is-string: 1.0.5
      is-symbol: 1.0.3
    dev: true
    resolution:
      integrity: sha512-7BT4TwISdDGBgaemWU0N0OU7FeAEJ9Oo2P1PHRm/FCWoEi2VLWC9b6xvxAA3C/NMpxg3HXVgi0sMmGbNUbNepQ==
  /which-collection/1.0.1:
    dependencies:
      is-map: 2.0.1
      is-set: 2.0.1
      is-weakmap: 2.0.1
      is-weakset: 2.0.1
    dev: true
    resolution:
      integrity: sha512-W8xeTUwaln8i3K/cY1nGXzdnVZlidBcagyNFtBdD5kxnb4TvGKR7FfSIS3mYpwWS1QUCutfKz8IY8RjftB0+1A==
  /which-typed-array/1.1.2:
    dependencies:
      available-typed-arrays: 1.0.2
      es-abstract: 1.17.5
      foreach: 2.0.5
      function-bind: 1.1.1
      has-symbols: 1.0.1
      is-typed-array: 1.1.3
    dev: true
    engines:
      node: '>= 0.4'
    resolution:
      integrity: sha512-KT6okrd1tE6JdZAy3o2VhMoYPh3+J6EMZLyrxBQsZflI1QCZIxMrIYLkosd8Twf+YfknVIHmYQPgJt238p8dnQ==
  /wrappy/1.0.2:
    dev: true
    resolution:
      integrity: sha1-tSQ9jz7BqjXxNkYFvA0QNuMKtp8=
specifiers:
  graceful-fs: '4'
  tape: 5.0.0
